<Solution>
  <Folder Name="/src/">
    <Project Path="src/BuildingBlocks/BuildingBlocks.csproj" />
    <Project Path="src/Host/Host.csproj" />
  </Folder>
  <Folder Name="/src/Modules/">
    <Project Path="src/Modules/Sales/Sales.csproj" />
  </Folder>
  <Folder Name="/src/Modules/Sales/">
    <Project Path="src/Modules/Sales/Contracts/Contracts.csproj" />
  </Folder>
</Solution>
